
Microsoft Visual Studio Solution File, Format Version 12.00
# Visual Studio Version 17
VisualStudioVersion = 17.0.32014.148
MinimumVisualStudioVersion = 10.0.40219.1
Project("{FAE04EC0-301F-11D3-BF4B-00C04F79EFBC}") = "AppProject.Entities", "AppProject.Entities\AppProject.Entities.csproj", "{1F9082C2-FFAD-48D7-8B8C-7A74B415BCE3}"
EndProject
Project("{FAE04EC0-301F-11D3-BF4B-00C04F79EFBC}") = "AppProject.DataAccess", "AppProject.DataAccess\AppProject.DataAccess.csproj", "{AA37A863-8E88-47B5-8E2C-64BC7F6707EC}"
EndProject
Project("{FAE04EC0-301F-11D3-BF4B-00C04F79EFBC}") = "AppProject.Business", "AppProject.Business\AppProject.Business.csproj", "{DC0FD549-DF33-42F1-B4C7-0182095AD555}"
EndProject
Project("{FAE04EC0-301F-11D3-BF4B-00C04F79EFBC}") = "AppProject.Core", "AppProject.Core\AppProject.Core.csproj", "{426507C4-6D18-4352-98B3-1DE956393889}"
EndProject
Project("{FAE04EC0-301F-11D3-BF4B-00C04F79EFBC}") = "AppProject.WebAPI", "AppProject.WebAPI\AppProject.WebAPI.csproj", "{A19001C4-F29E-40BB-B986-2FCCEBAA10E7}"
EndProject
Global
	GlobalSection(SolutionConfigurationPlatforms) = preSolution
		Debug|Any CPU = Debug|Any CPU
		Release|Any CPU = Release|Any CPU
	EndGlobalSection
	GlobalSection(ProjectConfigurationPlatforms) = postSolution
		{1F9082C2-FFAD-48D7-8B8C-7A74B415BCE3}.Debug|Any CPU.ActiveCfg = Debug|Any CPU
		{1F9082C2-FFAD-48D7-8B8C-7A74B415BCE3}.Debug|Any CPU.Build.0 = Debug|Any CPU
		{1F9082C2-FFAD-48D7-8B8C-7A74B415BCE3}.Release|Any CPU.ActiveCfg = Release|Any CPU
		{1F9082C2-FFAD-48D7-8B8C-7A74B415BCE3}.Release|Any CPU.Build.0 = Release|Any CPU
		{AA37A863-8E88-47B5-8E2C-64BC7F6707EC}.Debug|Any CPU.ActiveCfg = Debug|Any CPU
		{AA37A863-8E88-47B5-8E2C-64BC7F6707EC}.Debug|Any CPU.Build.0 = Debug|Any CPU
		{AA37A863-8E88-47B5-8E2C-64BC7F6707EC}.Release|Any CPU.ActiveCfg = Release|Any CPU
		{AA37A863-8E88-47B5-8E2C-64BC7F6707EC}.Release|Any CPU.Build.0 = Release|Any CPU
		{DC0FD549-DF33-42F1-B4C7-0182095AD555}.Debug|Any CPU.ActiveCfg = Debug|Any CPU
		{DC0FD549-DF33-42F1-B4C7-0182095AD555}.Debug|Any CPU.Build.0 = Debug|Any CPU
		{DC0FD549-DF33-42F1-B4C7-0182095AD555}.Release|Any CPU.ActiveCfg = Release|Any CPU
		{DC0FD549-DF33-42F1-B4C7-0182095AD555}.Release|Any CPU.Build.0 = Release|Any CPU
		{426507C4-6D18-4352-98B3-1DE956393889}.Debug|Any CPU.ActiveCfg = Debug|Any CPU
		{426507C4-6D18-4352-98B3-1DE956393889}.Debug|Any CPU.Build.0 = Debug|Any CPU
		{426507C4-6D18-4352-98B3-1DE956393889}.Release|Any CPU.ActiveCfg = Release|Any CPU
		{426507C4-6D18-4352-98B3-1DE956393889}.Release|Any CPU.Build.0 = Release|Any CPU
		{A19001C4-F29E-40BB-B986-2FCCEBAA10E7}.Debug|Any CPU.ActiveCfg = Debug|Any CPU
		{A19001C4-F29E-40BB-B986-2FCCEBAA10E7}.Debug|Any CPU.Build.0 = Debug|Any CPU
		{A19001C4-F29E-40BB-B986-2FCCEBAA10E7}.Release|Any CPU.ActiveCfg = Release|Any CPU
		{A19001C4-F29E-40BB-B986-2FCCEBAA10E7}.Release|Any CPU.Build.0 = Release|Any CPU
	EndGlobalSection
	GlobalSection(SolutionProperties) = preSolution
		HideSolutionNode = FALSE
	EndGlobalSection
	GlobalSection(ExtensibilityGlobals) = postSolution
		SolutionGuid = {5460AADF-EE2D-4E7F-B93C-9479EC13B971}
	EndGlobalSection
EndGlobal
